
Microsoft Visual Studio Solution File, Format Version 12.00
# Visual Studio 15
VisualStudioVersion = 15.0.28307.902
MinimumVisualStudioVersion = 10.0.40219.1
Project("{FAE04EC0-301F-11D3-BF4B-00C04F79EFBC}") = "Intouch.Edm.Android", "Intouch.Edm\Intouch.Edm.Android\Intouch.Edm.Android.csproj", "{B7068D99-E9C5-4309-9D7F-5A8565A8032B}"
EndProject
Project("{FAE04EC0-301F-11D3-BF4B-00C04F79EFBC}") = "Intouch.Edm.iOS", "Intouch.Edm\Intouch.Edm.iOS\Intouch.Edm.iOS.csproj", "{50213E92-56A9-40E8-9EB8-F65F9F58F86C}"
EndProject
Project("{FAE04EC0-301F-11D3-BF4B-00C04F79EFBC}") = "Intouch.Edm", "Intouch.Edm\Intouch.Edm\Intouch.Edm.csproj", "{B4B86FFE-0639-4785-A05B-E646D5E6F328}"
EndProject
Global
	GlobalSection(SolutionConfigurationPlatforms) = preSolution
		Debug|Any CPU = Debug|Any CPU
		Debug|iPhone = Debug|iPhone
		Debug|iPhoneSimulator = Debug|iPhoneSimulator
		Release|Any CPU = Release|Any CPU
		Release|iPhone = Release|iPhone
		Release|iPhoneSimulator = Release|iPhoneSimulator
	EndGlobalSection
	GlobalSection(ProjectConfigurationPlatforms) = postSolution
		{B7068D99-E9C5-4309-9D7F-5A8565A8032B}.Debug|Any CPU.ActiveCfg = Debug|Any CPU
		{B7068D99-E9C5-4309-9D7F-5A8565A8032B}.Debug|Any CPU.Build.0 = Debug|Any CPU
		{B7068D99-E9C5-4309-9D7F-5A8565A8032B}.Debug|Any CPU.Deploy.0 = Debug|Any CPU
		{B7068D99-E9C5-4309-9D7F-5A8565A8032B}.Debug|iPhone.ActiveCfg = Debug|Any CPU
		{B7068D99-E9C5-4309-9D7F-5A8565A8032B}.Debug|iPhone.Build.0 = Debug|Any CPU
		{B7068D99-E9C5-4309-9D7F-5A8565A8032B}.Debug|iPhone.Deploy.0 = Debug|Any CPU
		{B7068D99-E9C5-4309-9D7F-5A8565A8032B}.Debug|iPhoneSimulator.ActiveCfg = Debug|Any CPU
		{B7068D99-E9C5-4309-9D7F-5A8565A8032B}.Debug|iPhoneSimulator.Build.0 = Debug|Any CPU
		{B7068D99-E9C5-4309-9D7F-5A8565A8032B}.Debug|iPhoneSimulator.Deploy.0 = Debug|Any CPU
		{B7068D99-E9C5-4309-9D7F-5A8565A8032B}.Release|Any CPU.ActiveCfg = Release|Any CPU
		{B7068D99-E9C5-4309-9D7F-5A8565A8032B}.Release|Any CPU.Build.0 = Release|Any CPU
		{B7068D99-E9C5-4309-9D7F-5A8565A8032B}.Release|Any CPU.Deploy.0 = Release|Any CPU
		{B7068D99-E9C5-4309-9D7F-5A8565A8032B}.Release|iPhone.ActiveCfg = Release|Any CPU
		{B7068D99-E9C5-4309-9D7F-5A8565A8032B}.Release|iPhone.Build.0 = Release|Any CPU
		{B7068D99-E9C5-4309-9D7F-5A8565A8032B}.Release|iPhone.Deploy.0 = Release|Any CPU
		{B7068D99-E9C5-4309-9D7F-5A8565A8032B}.Release|iPhoneSimulator.ActiveCfg = Release|Any CPU
		{B7068D99-E9C5-4309-9D7F-5A8565A8032B}.Release|iPhoneSimulator.Build.0 = Release|Any CPU
		{B7068D99-E9C5-4309-9D7F-5A8565A8032B}.Release|iPhoneSimulator.Deploy.0 = Release|Any CPU
		{50213E92-56A9-40E8-9EB8-F65F9F58F86C}.Debug|Any CPU.ActiveCfg = Debug|iPhoneSimulator
		{50213E92-56A9-40E8-9EB8-F65F9F58F86C}.Debug|Any CPU.Build.0 = Debug|iPhoneSimulator
		{50213E92-56A9-40E8-9EB8-F65F9F58F86C}.Debug|Any CPU.Deploy.0 = Debug|iPhoneSimulator
		{50213E92-56A9-40E8-9EB8-F65F9F58F86C}.Debug|iPhone.ActiveCfg = Debug|iPhone
		{50213E92-56A9-40E8-9EB8-F65F9F58F86C}.Debug|iPhone.Build.0 = Debug|iPhone
		{50213E92-56A9-40E8-9EB8-F65F9F58F86C}.Debug|iPhone.Deploy.0 = Debug|iPhone
		{50213E92-56A9-40E8-9EB8-F65F9F58F86C}.Debug|iPhoneSimulator.ActiveCfg = Debug|iPhoneSimulator
		{50213E92-56A9-40E8-9EB8-F65F9F58F86C}.Debug|iPhoneSimulator.Build.0 = Debug|iPhoneSimulator
		{50213E92-56A9-40E8-9EB8-F65F9F58F86C}.Debug|iPhoneSimulator.Deploy.0 = Debug|iPhoneSimulator
		{50213E92-56A9-40E8-9EB8-F65F9F58F86C}.Release|Any CPU.ActiveCfg = Release|iPhone
		{50213E92-56A9-40E8-9EB8-F65F9F58F86C}.Release|Any CPU.Build.0 = Release|iPhone
		{50213E92-56A9-40E8-9EB8-F65F9F58F86C}.Release|Any CPU.Deploy.0 = Release|iPhone
		{50213E92-56A9-40E8-9EB8-F65F9F58F86C}.Release|iPhone.ActiveCfg = Release|iPhone
		{50213E92-56A9-40E8-9EB8-F65F9F58F86C}.Release|iPhone.Build.0 = Release|iPhone
		{50213E92-56A9-40E8-9EB8-F65F9F58F86C}.Release|iPhone.Deploy.0 = Release|iPhone
		{50213E92-56A9-40E8-9EB8-F65F9F58F86C}.Release|iPhoneSimulator.ActiveCfg = Release|iPhoneSimulator
		{50213E92-56A9-40E8-9EB8-F65F9F58F86C}.Release|iPhoneSimulator.Build.0 = Release|iPhoneSimulator
		{50213E92-56A9-40E8-9EB8-F65F9F58F86C}.Release|iPhoneSimulator.Deploy.0 = Release|iPhoneSimulator
		{B4B86FFE-0639-4785-A05B-E646D5E6F328}.Debug|Any CPU.ActiveCfg = Debug|Any CPU
		{B4B86FFE-0639-4785-A05B-E646D5E6F328}.Debug|Any CPU.Build.0 = Debug|Any CPU
		{B4B86FFE-0639-4785-A05B-E646D5E6F328}.Debug|Any CPU.Deploy.0 = Debug|Any CPU
		{B4B86FFE-0639-4785-A05B-E646D5E6F328}.Debug|iPhone.ActiveCfg = Debug|Any CPU
		{B4B86FFE-0639-4785-A05B-E646D5E6F328}.Debug|iPhone.Build.0 = Debug|Any CPU
		{B4B86FFE-0639-4785-A05B-E646D5E6F328}.Debug|iPhone.Deploy.0 = Debug|Any CPU
		{B4B86FFE-0639-4785-A05B-E646D5E6F328}.Debug|iPhoneSimulator.ActiveCfg = Debug|Any CPU
		{B4B86FFE-0639-4785-A05B-E646D5E6F328}.Debug|iPhoneSimulator.Build.0 = Debug|Any CPU
		{B4B86FFE-0639-4785-A05B-E646D5E6F328}.Debug|iPhoneSimulator.Deploy.0 = Debug|Any CPU
		{B4B86FFE-0639-4785-A05B-E646D5E6F328}.Release|Any CPU.ActiveCfg = Release|Any CPU
		{B4B86FFE-0639-4785-A05B-E646D5E6F328}.Release|Any CPU.Build.0 = Release|Any CPU
		{B4B86FFE-0639-4785-A05B-E646D5E6F328}.Release|Any CPU.Deploy.0 = Release|Any CPU
		{B4B86FFE-0639-4785-A05B-E646D5E6F328}.Release|iPhone.ActiveCfg = Release|Any CPU
		{B4B86FFE-0639-4785-A05B-E646D5E6F328}.Release|iPhone.Build.0 = Release|Any CPU
		{B4B86FFE-0639-4785-A05B-E646D5E6F328}.Release|iPhone.Deploy.0 = Release|Any CPU
		{B4B86FFE-0639-4785-A05B-E646D5E6F328}.Release|iPhoneSimulator.ActiveCfg = Release|Any CPU
		{B4B86FFE-0639-4785-A05B-E646D5E6F328}.Release|iPhoneSimulator.Build.0 = Release|Any CPU
		{B4B86FFE-0639-4785-A05B-E646D5E6F328}.Release|iPhoneSimulator.Deploy.0 = Release|Any CPU
	EndGlobalSection
	GlobalSection(SolutionProperties) = preSolution
		HideSolutionNode = FALSE
	EndGlobalSection
	GlobalSection(ExtensibilityGlobals) = postSolution
		SolutionGuid = {391D4777-A901-4B32-9A62-2E2B218ADC88}
	EndGlobalSection
EndGlobal
